Microsoft Visual Studio Solution File, Format Version 10.00

# Visual Studio 2008

Project("{8BC9CEB8-8B4A-11D0-8D11-00A0C91BC942}") = "LabRab9", "LabRab9.vcxproj", "{52E7040A-A465-4369-A672-E32BA88A201D}" EndProject Project("{8BC9CEB8-8B4A-11D0-8D11-00A0C91BC942}") = "ArrayLib", "ArrayLib.vcxproj", "{B2C3D4E5-2345-6789-0123-456789ABCDEF}" EndProject Global GlobalSection(SolutionConfigurationPlatforms) = preSolution Debug|Win32 = Debug|Win32 Release|Win32 = Release|Win32 EndGlobalSection GlobalSection(ProjectConfigurationPlatforms) = postSolution {52E7040A-A465-4369-A672-E32BA88A201D}.Debug|Win32.ActiveCfg = Debug|Win32 {52E7040A-A465-4369-A672-E32BA88A201D}.Debug|Win32.Build.0 = Debug|Win32 {52E7040A-A465-4369-A672-E32BA88A201D}.Release|Win32.ActiveCfg = Release|Win32 {52E7040A-A465-4369-A672-E32BA88A201D}.Release|Win32.Build.0 = Release|Win32 {B2C3D4E5-2345-6789-0123-456789ABCDEF}.Debug|Win32.ActiveCfg = Debug|Win32 {B2C3D4E5-2345-6789-0123-456789ABCDEF}.Debug|Win32.Build.0 = Debug|Win32 {B2C3D4E5-2345-6789-0123-456789ABCDEF}.Release|Win32.ActiveCfg = Release|Win32 {B2C3D4E5-2345-6789-0123-456789ABCDEF}.Release|Win32.Build.0 = Release|Win32 EndGlobalSection GlobalSection(SolutionProperties) = preSolution HideSolutionNode = FALSE EndGlobalSection EndGlobal
